
Microsoft Visual Studio Solution File, Format Version 12.00
# Visual Studio Version 16
VisualStudioVersion = 16.0.28803.202
MinimumVisualStudioVersion = 10.0.40219.1
Project("{FAE04EC0-301F-11D3-BF4B-00C04F79EFBC}") = "SortWare", "SortWare\SortWare.csproj", "{C8B88ABD-6450-0B71-3849-290FFD52D545}"
EndProject
Global
	GlobalSection(SolutionConfigurationPlatforms) = preSolution
		Debug|Any CPU = Debug|Any CPU
		Debug|x86 = Debug|x86
		Release|Any CPU = Release|Any CPU
		Release|x86 = Release|x86
	EndGlobalSection
	GlobalSection(ProjectConfigurationPlatforms) = postSolution
		{C8B88ABD-6450-0B71-3849-290FFD52D545}.Debug|Any CPU.ActiveCfg = Debug|Any CPU
		{C8B88ABD-6450-0B71-3849-290FFD52D545}.Debug|Any CPU.Build.0 = Debug|Any CPU
		{C8B88ABD-6450-0B71-3849-290FFD52D545}.Debug|x86.ActiveCfg = Debug|x86
		{C8B88ABD-6450-0B71-3849-290FFD52D545}.Debug|x86.Build.0 = Debug|x86
		{C8B88ABD-6450-0B71-3849-290FFD52D545}.Release|Any CPU.ActiveCfg = Release|Any CPU
		{C8B88ABD-6450-0B71-3849-290FFD52D545}.Release|Any CPU.Build.0 = Release|Any CPU
		{C8B88ABD-6450-0B71-3849-290FFD52D545}.Release|x86.ActiveCfg = Release|x86
		{C8B88ABD-6450-0B71-3849-290FFD52D545}.Release|x86.Build.0 = Release|x86
	EndGlobalSection
	GlobalSection(SolutionProperties) = preSolution
		HideSolutionNode = FALSE
	EndGlobalSection
	GlobalSection(ExtensibilityGlobals) = postSolution
		SolutionGuid = {A3A49D22-8D03-4A4C-82BD-A679A3FEDA0C}
	EndGlobalSection
EndGlobal
